// !$*UTF8*$!
{
	archiveVersion = 1;
	classes = {
	};
	objectVersion = 46;
	objects = {

/* Begin PBXBuildFile section */
		D73B3DF61F1F56DF00452868 /* main.m in Sources */ = {isa = PBXBuildFile; fileRef = D73B3DF51F1F56DF00452868 /* main.m */; };
		D73B3DF91F1F56DF00452868 /* AppDelegate.m in Sources */ = {isa = PBXBuildFile; fileRef = D73B3DF81F1F56DF00452868 /* AppDelegate.m */; };
		D73B3DFC1F1F56DF00452868 /* ViewController.m in Sources */ = {isa = PBXBuildFile; fileRef = D73B3DFB1F1F56DF00452868 /* ViewController.m */; };
		D73B3DFF1F1F56DF00452868 /* Main.storyboard in Resources */ = {isa = PBXBuildFile; fileRef = D73B3DFD1F1F56DF00452868 /* Main.storyboard */; };
		D73B3E011F1F56DF00452868 /* Assets.xcassets in Resources */ = {isa = PBXBuildFile; fileRef = D73B3E001F1F56DF00452868 /* Assets.xcassets */; };
		D73B3E041F1F56DF00452868 /* LaunchScreen.storyboard in Resources */ = {isa = PBXBuildFile; fileRef = D73B3E021F1F56DF00452868 /* LaunchScreen.storyboard */; };
		D73B3E0E1F1F578D00452868 /* ErrandRecordTableViewController.m in Sources */ = {isa = PBXBuildFile; fileRef = D73B3E0C1F1F578D00452868 /* ErrandRecordTableViewController.m */; };
/* End PBXBuildFile section */

/* Begin PBXFileReference section */
		D73B3DF11F1F56DF00452868 /* ErrandRecordDemo.app */ = {isa = PBXFileReference; explicitFileType = wrapper.application; includeInIndex = 0; path = ErrandRecordDemo.app; sourceTree = BUILT_PRODUCTS_DIR; };
		D73B3DF51F1F56DF00452868 /* main.m */ = {isa = PBXFileReference; lastKnownFileType = sourcecode.c.objc; path = main.m; sourceTree = "<group>"; };
		D73B3DF71F1F56DF00452868 /* AppDelegate.h */ = {isa = PBXFileReference; lastKnownFileType = sourcecode.c.h; path = AppDelegate.h; sourceTree = "<group>"; };
		D73B3DF81F1F56DF00452868 /* AppDelegate.m */ = {isa = PBXFileReference; lastKnownFileType = sourcecode.c.objc; path = AppDelegate.m; sourceTree = "<group>"; };
		D73B3DFA1F1F56DF00452868 /* ViewController.h */ = {isa = PBXFileReference; lastKnownFileType = sourcecode.c.h; path = ViewController.h; sourceTree = "<group>"; };
		D73B3DFB1F1F56DF00452868 /* ViewController.m */ = {isa = PBXFileReference; lastKnownFileType = sourcecode.c.objc; path = ViewController.m; sourceTree = "<group>"; };
		D73B3DFE1F1F56DF00452868 /* Base */ = {isa = PBXFileReference; lastKnownFileType = file.storyboard; name = Base; path = Base.lproj/Main.storyboard; sourceTree = "<group>"; };
		D73B3E001F1F56DF00452868 /* Assets.xcassets */ = {isa = PBXFileReference; lastKnownFileType = folder.assetcatalog; path = Assets.xcassets; sourceTree = "<group>"; };
		D73B3E031F1F56DF00452868 /* Base */ = {isa = PBXFileReference; lastKnownFileType = file.storyboard; name = Base; path = Base.lproj/LaunchScreen.storyboard; sourceTree = "<group>"; };
		D73B3E051F1F56DF00452868 /* Info.plist */ = {isa = PBXFileReference; lastKnownFileType = text.plist.xml; path = Info.plist; sourceTree = "<group>"; };
		D73B3E0B1F1F578D00452868 /* ErrandRecordTableViewController.h */ = {isa = PBXFileReference; fileEncoding = 4; lastKnownFileType = sourcecode.c.h; path = ErrandRecordTableViewController.h; sourceTree = "<group>"; };
		D73B3E0C1F1F578D00452868 /* ErrandRecordTableViewController.m */ = {isa = PBXFileReference; fileEncoding = 4; lastKnownFileType = sourcecode.c.objc; path = ErrandRecordTableViewController.m; sourceTree = "<group>"; };
/* End PBXFileReference section */

/* Begin PBXFrameworksBuildPhase section */
		D73B3DEE1F1F56DF00452868 /* Frameworks */ = {
			isa = PBXFrameworksBuildPhase;
			buildActionMask = 2147483647;
			files = (
			);
			runOnlyForDeploymentPostprocessing = 0;
		};
/* End PBXFrameworksBuildPhase section */

/* Begin PBXGroup section */
		D73B3DE81F1F56DF00452868 = {
			isa = PBXGroup;
			children = (
				D73B3DF31F1F56DF00452868 /* ErrandRecordDemo */,
				D73B3DF21F1F56DF00452868 /* Products */,
			);
			sourceTree = "<group>";
		};
		D73B3DF21F1F56DF00452868 /* Products */ = {
			isa = PBXGroup;
			children = (
				D73B3DF11F1F56DF00452868 /* ErrandRecordDemo.app */,
			);
			name = Products;
			sourceTree = "<group>";
		};
		D73B3DF31F1F56DF00452868 /* ErrandRecordDemo */ = {
			isa = PBXGroup;
			children = (
				D73B3DF71F1F56DF00452868 /* AppDelegate.h */,
				D73B3DF81F1F56DF00452868 /* AppDelegate.m */,
				D73B3DFA1F1F56DF00452868 /* ViewController.h */,
				D73B3DFB1F1F56DF00452868 /* ViewController.m */,
				D73B3E0B1F1F578D00452868 /* ErrandRecordTableViewController.h */,
				D73B3E0C1F1F578D00452868 /* ErrandRecordTableViewController.m */,
				D73B3DFD1F1F56DF00452868 /* Main.storyboard */,
				D73B3E001F1F56DF00452868 /* Assets.xcassets */,
				D73B3E021F1F56DF00452868 /* LaunchScreen.storyboard */,
				D73B3E051F1F56DF00452868 /* Info.plist */,
				D73B3DF41F1F56DF00452868 /* Supporting Files */,
			);
			path = ErrandRecordDemo;
			sourceTree = "<group>";
		};
		D73B3DF41F1F56DF00452868 /* Supporting Files */ = {
			isa = PBXGroup;
			children = (
				D73B3DF51F1F56DF00452868 /* main.m */,
			);
			name = "Supporting Files";
			sourceTree = "<group>";
		};
/* End PBXGroup section */

/* Begin PBXNativeTarget section */
		D73B3DF01F1F56DF00452868 /* ErrandRecordDemo */ = {
			isa = PBXNativeTarget;
			buildConfigurationList = D73B3E081F1F56DF00452868 /* Build configuration list for PBXNativeTarget "ErrandRecordDemo" */;
			buildPhases = (
				D73B3DED1F1F56DF00452868 /* Sources */,
				D73B3DEE1F1F56DF00452868 /* Frameworks */,
				D73B3DEF1F1F56DF00452868 /* Resources */,
			);
			buildRules = (
			);
			dependencies = (
			);
			name = ErrandRecordDemo;
			productName = ErrandRecordDemo;
			productReference = D73B3DF11F1F56DF00452868 /* ErrandRecordDemo.app */;
			productType = "com.apple.product-type.application";
		};
/* End PBXNativeTarget section */

/* Begin PBXProject section */
		D73B3DE91F1F56DF00452868 /* Project object */ = {
			isa = PBXProject;
			attributes = {
				LastUpgradeCheck = 0830;
				ORGANIZATIONNAME = Dev;
				TargetAttributes = {
					D73B3DF01F1F56DF00452868 = {
						CreatedOnToolsVersion = 8.3.3;
						DevelopmentTeam = 27947QZDGW;
						ProvisioningStyle = Automatic;
					};
				};
			};
			buildConfigurationList = D73B3DEC1F1F56DF00452868 /* Build configuration list for PBXProject "ErrandRecordDemo" */;
			compatibilityVersion = "Xcode 3.2";
			developmentRegion = English;
			hasScannedForEncodings = 0;
			knownRegions = (
				en,
				Base,
			);
			mainGroup = D73B3DE81F1F56DF00452868;
			productRefGroup = D73B3DF21F1F56DF00452868 /* Products */;
			projectDirPath = "";
			projectRoot = "";
			targets = (
				D73B3DF01F1F56DF00452868 /* ErrandRecordDemo */,
			);
		};
/* End PBXProject section */

/* Begin PBXResourcesBuildPhase section */
		D73B3DEF1F1F56DF00452868 /* Resources */ = {
			isa = PBXResourcesBuildPhase;
			buildActionMask = 2147483647;
			files = (
				D73B3E041F1F56DF00452868 /* LaunchScreen.storyboard in Resources */,
				D73B3E011F1F56DF00452868 /* Assets.xcassets in Resources */,
				D73B3DFF1F1F56DF00452868 /* Main.storyboard in Resources */,
			);
			runOnlyForDeploymentPostprocessing = 0;
		};
/* End PBXResourcesBuildPhase section */

/* Begin PBXSourcesBuildPhase section */
		D73B3DED1F1F56DF00452868 /* Sources */ = {
			isa = PBXSourcesBuildPhase;
			buildActionMask = 2147483647;
			files = (
				D73B3DFC1F1F56DF00452868 /* ViewController.m in Sources */,
				D73B3DF91F1F56DF00452868 /* AppDelegate.m in Sources */,
				D73B3E0E1F1F578D00452868 /* ErrandRecordTableViewController.m in Sources */,
				D73B3DF61F1F56DF00452868 /* main.m in Sources */,
			);
			runOnlyForDeploymentPostprocessing = 0;
		};
/* End PBXSourcesBuildPhase section */

/* Begin PBXVariantGroup section */
		D73B3DFD1F1F56DF00452868 /* Main.storyboard */ = {
			isa = PBXVariantGroup;
			children = (
				D73B3DFE1F1F56DF00452868 /* Base */,
			);
			name = Main.storyboard;
			sourceTree = "<group>";
		};
		D73B3E021F1F56DF00452868 /* LaunchScreen.storyboard */ = {
			isa = PBXVariantGroup;
			children = (
				D73B3E031F1F56DF00452868 /* Base */,
			);
			name = LaunchScreen.storyboard;
			sourceTree = "<group>";
		};
/* End PBXVariantGroup section */

/* Begin XCBuildConfiguration section */
		D73B3E061F1F56DF00452868 /* Debug */ = {
			isa = XCBuildConfiguration;
			buildSettings = {
				ALWAYS_SEARCH_USER_PATHS = NO;
				CLANG_ANALYZER_NONNULL = YES;
				CLANG_ANALYZER_NUMBER_OBJECT_CONVERSION = YES_AGGRESSIVE;
				CLANG_CXX_LANGUAGE_STANDARD = "gnu++0x";
				CLANG_CXX_LIBRARY = "libc++";
				CLANG_ENABLE_MODULES = YES;
				CLANG_ENABLE_OBJC_ARC = YES;
				CLANG_WARN_BOOL_CONVERSION = YES;
				CLANG_WARN_CONSTANT_CONVERSION = YES;
				CLANG_WARN_DIRECT_OBJC_ISA_USAGE = YES_ERROR;
				CLANG_WARN_DOCUMENTATION_COMMENTS = YES;
				CLANG_WARN_EMPTY_BODY = YES;
				CLANG_WARN_ENUM_CONVERSION = YES;
				CLANG_WARN_INFINITE_RECURSION = YES;
				CLANG_WARN_INT_CONVERSION = YES;
				CLANG_WARN_OBJC_ROOT_CLASS = YES_ERROR;
				CLANG_WARN_SUSPICIOUS_MOVE = YES;
				CLANG_WARN_UNREACHABLE_CODE = YES;
				CLANG_WARN__DUPLICATE_METHOD_MATCH = YES;
				"CODE_SIGN_IDENTITY[sdk=iphoneos*]" = "iPhone Developer";
				COPY_PHASE_STRIP = NO;
				DEBUG_INFORMATION_FORMAT = dwarf;
				ENABLE_STRICT_OBJC_MSGSEND = YES;
				ENABLE_TESTABILITY = YES;
				GCC_C_LANGUAGE_STANDARD = gnu99;
				GCC_DYNAMIC_NO_PIC = NO;
				GCC_NO_COMMON_BLOCKS = YES;
				GCC_OPTIMIZATION_LEVEL = 0;
				GCC_PREPROCESSOR_DEFINITIONS = (
					"DEBUG=1",
					"$(inherited)",
				);
				GCC_WARN_64_TO_32_BIT_CONVERSION = YES;
				GCC_WARN_ABOUT_RETURN_TYPE = YES_ERROR;
				GCC_WARN_UNDECLARED_SELECTOR = YES;
				GCC_WARN_UNINITIALIZED_AUTOS = YES_AGGRESSIVE;
				GCC_WARN_UNUSED_FUNCTION = YES;
				GCC_WARN_UNUSED_VARIABLE = YES;
				IPHONEOS_DEPLOYMENT_TARGET = 10.3;
				MTL_ENABLE_DEBUG_INFO = YES;
				ONLY_ACTIVE_ARCH = YES;
				SDKROOT = iphoneos;
			};
			name = Debug;
		};
		D73B3E071F1F56DF00452868 /* Release */ = {
			isa = XCBuildConfiguration;
			buildSettings = {
				ALWAYS_SEARCH_USER_PATHS = NO;
				CLANG_ANALYZER_NONNULL = YES;
				CLANG_ANALYZER_NUMBER_OBJECT_CONVERSION = YES_AGGRESSIVE;
				CLANG_CXX_LANGUAGE_STANDARD = "gnu++0x";
				CLANG_CXX_LIBRARY = "libc++";
				CLANG_ENABLE_MODULES = YES;
				CLANG_ENABLE_OBJC_ARC = YES;
				CLANG_WARN_BOOL_CONVERSION = YES;
				CLANG_WARN_CONSTANT_CONVERSION = YES;
				CLANG_WARN_DIRECT_OBJC_ISA_USAGE = YES_ERROR;
				CLANG_WARN_DOCUMENTATION_COMMENTS = YES;
				CLANG_WARN_EMPTY_BODY = YES;
				CLANG_WARN_ENUM_CONVERSION = YES;
				CLANG_WARN_INFINITE_RECURSION = YES;
				CLANG_WARN_INT_CONVERSION = YES;
				CLANG_WARN_OBJC_ROOT_CLASS = YES_ERROR;
				CLANG_WARN_SUSPICIOUS_MOVE = YES;
				CLANG_WARN_UNREACHABLE_CODE = YES;
				CLANG_WARN__DUPLICATE_METHOD_MATCH = YES;
				"CODE_SIGN_IDENTITY[sdk=iphoneos*]" = "iPhone Developer";
				COPY_PHASE_STRIP = NO;
				DEBUG_INFORMATION_FORMAT = "dwarf-with-dsym";
				ENABLE_NS_ASSERTIONS = NO;
				ENABLE_STRICT_OBJC_MSGSEND = YES;
				GCC_C_LANGUAGE_STANDARD = gnu99;
				GCC_NO_COMMON_BLOCKS = YES;
				GCC_WARN_64_TO_32_BIT_CONVERSION = YES;
				GCC_WARN_ABOUT_RETURN_TYPE = YES_ERROR;
				GCC_WARN_UNDECLARED_SELECTOR = YES;
				GCC_WARN_UNINITIALIZED_AUTOS = YES_AGGRESSIVE;
				GCC_WARN_UNUSED_FUNCTION = YES;
				GCC_WARN_UNUSED_VARIABLE = YES;
				IPHONEOS_DEPLOYMENT_TARGET = 10.3;
				MTL_ENABLE_DEBUG_INFO = NO;
				SDKROOT = iphoneos;
				VALIDATE_PRODUCT = YES;
			};
			name = Release;
		};
		D73B3E091F1F56DF00452868 /* Debug */ = {
			isa = XCBuildConfiguration;
			buildSettings = {
				ASSETCATALOG_COMPILER_APPICON_NAME = AppIcon;
				DEVELOPMENT_TEAM = 27947QZDGW;
				INFOPLIST_FILE = ErrandRecordDemo/Info.plist;
				IPHONEOS_DEPLOYMENT_TARGET = 9.2;
				LD_RUNPATH_SEARCH_PATHS = "$(inherited) @executable_path/Frameworks";
				PRODUCT_BUNDLE_IDENTIFIER = TaoTao.ErrandRecordDemo;
				PRODUCT_NAME = "$(TARGET_NAME)";
			};
			name = Debug;
		};
		D73B3E0A1F1F56DF00452868 /* Release */ = {
			isa = XCBuildConfiguration;
			buildSettings = {
				ASSETCATALOG_COMPILER_APPICON_NAME = AppIcon;
				DEVELOPMENT_TEAM = 27947QZDGW;
				INFOPLIST_FILE = ErrandRecordDemo/Info.plist;
				IPHONEOS_DEPLOYMENT_TARGET = 9.2;
				LD_RUNPATH_SEARCH_PATHS = "$(inherited) @executable_path/Frameworks";
				PRODUCT_BUNDLE_IDENTIFIER = TaoTao.ErrandRecordDemo;
				PRODUCT_NAME = "$(TARGET_NAME)";
			};
			name = Release;
		};
/* End XCBuildConfiguration section */

/* Begin XCConfigurationList section */
		D73B3DEC1F1F56DF00452868 /* Build configuration list for PBXProject "ErrandRecordDemo" */ = {
			isa = XCConfigurationList;
			buildConfigurations = (
				D73B3E061F1F56DF00452868 /* Debug */,
				D73B3E071F1F56DF00452868 /* Release */,
			);
			defaultConfigurationIsVisible = 0;
			defaultConfigurationName = Release;
		};
		D73B3E081F1F56DF00452868 /* Build configuration list for PBXNativeTarget "ErrandRecordDemo" */ = {
			isa = XCConfigurationList;
			buildConfigurations = (
				D73B3E091F1F56DF00452868 /* Debug */,
				D73B3E0A1F1F56DF00452868 /* Release */,
			);
			defaultConfigurationIsVisible = 0;
			defaultConfigurationName = Release;
		};
/* End XCConfigurationList section */
	};
	rootObject = D73B3DE91F1F56DF00452868 /* Project object */;
}
